schema: '2.0'
stages:
  download_example_SAR:
    cmd: python src/data/download_SAR.py --start "2020-01-13T00:00:00Z" --end "2020-01-13T23:59:59Z"
    deps:
    - path: src/data/download_SAR.py
      hash: md5
      md5: 8f030f66a1ddfe9b78cfdf09f44cf2a2
      size: 1654
    outs:
    - path: data/SAR/
      hash: md5
      md5: 72bb7da7eb810766ad63f828ca33f3ff.dir
      size: 53385440
      nfiles: 4
  regrid_GOES16_ABI:
    cmd: python src/data/regrid_GOES.py -f
      data/GOES16/OR_ABI-L1b-RadF-M6C13_G16_s20200130940200_e20200130949519_c20200130950003.nc
      -c C13 -i data/examples/GOES16-ABI_BT_C13_20201130940.png
    deps:
    - path:
        data/GOES16/OR_ABI-L1b-RadF-M6C13_G16_s20200130940200_e20200130949519_c20200130950003.nc
      hash: md5
      md5: b608906791607bebb3b5a30836cdc6d3
      size: 29511412
    - path: src/data/regrid_GOES.py
      hash: md5
      md5: c26934347bfe66cb31917ffefe475696
      size: 1340
    outs:
    - path: data/examples/GOES16-ABI_BT_C13_20201130940.png
      hash: md5
      md5: a1a6db3347a3f101b05f7b658b862ca3
      size: 1232008
  regrid_SAR:
    cmd: python src/data/regrid_SAR.py -v owiWindSpeed -i data/examples/SAR_WindSpeed_20200113.png
    deps:
    - path: data/SAR/
      hash: md5
      md5: 72bb7da7eb810766ad63f828ca33f3ff.dir
      size: 53385440
      nfiles: 4
    - path: src/data/regrid_SAR.py
      hash: md5
      md5: e6c739aaf59133f54ec0724164e26271
      size: 2561
    outs:
    - path: data/examples/SAR_WindSpeed_20200113.png
      hash: md5
      md5: 1d67768628d284af064dcd62145af54f
      size: 228504
